// !$*UTF8*$!
{
	archiveVersion = 1;
	classes = {
	};
	objectVersion = 48;
	objects = {

/* Begin PBXBuildFile section */
		D80DFE774C02690056862232 /* Pods_College.framework in Frameworks */ = {isa = PBXBuildFile; fileRef = 4C1456601816E93CF2755F8B /* Pods_College.framework */; };
		F51D2C8B1FA6376900CE61B8 /* AppDelegate.swift in Sources */ = {isa = PBXBuildFile; fileRef = F51D2C8A1FA6376900CE61B8 /* AppDelegate.swift */; };
		F51D2C921FA6376900CE61B8 /* Assets.xcassets in Resources */ = {isa = PBXBuildFile; fileRef = F51D2C911FA6376900CE61B8 /* Assets.xcassets */; };
		F51D2C951FA6376900CE61B8 /* LaunchScreen.storyboard in Resources */ = {isa = PBXBuildFile; fileRef = F51D2C931FA6376900CE61B8 /* LaunchScreen.storyboard */; };
		F51D2CB01FA6388900CE61B8 /* RecipeCell.swift in Sources */ = {isa = PBXBuildFile; fileRef = F51D2C9E1FA6388800CE61B8 /* RecipeCell.swift */; };
		F51D2CB11FA6388900CE61B8 /* Recipe.swift in Sources */ = {isa = PBXBuildFile; fileRef = F51D2C9F1FA6388800CE61B8 /* Recipe.swift */; };
		F51D2CB51FA6388900CE61B8 /* AddRecipeVC.swift in Sources */ = {isa = PBXBuildFile; fileRef = F51D2CA31FA6388800CE61B8 /* AddRecipeVC.swift */; };
		F51D2CB71FA6388900CE61B8 /* GroceryItem.swift in Sources */ = {isa = PBXBuildFile; fileRef = F51D2CA51FA6388900CE61B8 /* GroceryItem.swift */; };
		F51D2CB81FA6388900CE61B8 /* toDoCell.swift in Sources */ = {isa = PBXBuildFile; fileRef = F51D2CA61FA6388900CE61B8 /* toDoCell.swift */; };
		F51D2CBA1FA6388900CE61B8 /* GroceryListTVC.swift in Sources */ = {isa = PBXBuildFile; fileRef = F51D2CA81FA6388900CE61B8 /* GroceryListTVC.swift */; };
		F51D2CBD1FA6388900CE61B8 /* RecipesTVC.swift in Sources */ = {isa = PBXBuildFile; fileRef = F51D2CAB1FA6388900CE61B8 /* RecipesTVC.swift */; };
		F51D2CBE1FA6388900CE61B8 /* ToDoTVC.swift in Sources */ = {isa = PBXBuildFile; fileRef = F51D2CAC1FA6388900CE61B8 /* ToDoTVC.swift */; };
		F51D2CBF1FA6388900CE61B8 /* GroceryCell.swift in Sources */ = {isa = PBXBuildFile; fileRef = F51D2CAD1FA6388900CE61B8 /* GroceryCell.swift */; };
		F51D2CC11FA638B300CE61B8 /* Main.storyboard in Resources */ = {isa = PBXBuildFile; fileRef = F51D2CC01FA638B300CE61B8 /* Main.storyboard */; };
		F544B4D922A9962900A398B1 /* TabBarController.swift in Sources */ = {isa = PBXBuildFile; fileRef = F544B4D822A9962900A398B1 /* TabBarController.swift */; };
		F544B4DB22A9D09200A398B1 /* CalendarModel.swift in Sources */ = {isa = PBXBuildFile; fileRef = F544B4DA22A9D09200A398B1 /* CalendarModel.swift */; };
		F544B4DD22AACBF200A398B1 /* Month.swift in Sources */ = {isa = PBXBuildFile; fileRef = F544B4DC22AACBF200A398B1 /* Month.swift */; };
		F544B4DF22AACD8B00A398B1 /* Extensions.swift in Sources */ = {isa = PBXBuildFile; fileRef = F544B4DE22AACD8B00A398B1 /* Extensions.swift */; };
		F544B4E122AADFB500A398B1 /* MonthHeaderCollectionView.swift in Sources */ = {isa = PBXBuildFile; fileRef = F544B4E022AADFB500A398B1 /* MonthHeaderCollectionView.swift */; };
		F544B4E522B03E2A00A398B1 /* ToDoModel.swift in Sources */ = {isa = PBXBuildFile; fileRef = F544B4E422B03E2A00A398B1 /* ToDoModel.swift */; };
		F544B4E722B2025400A398B1 /* GoalsFlowLayout.swift in Sources */ = {isa = PBXBuildFile; fileRef = F544B4E622B2025400A398B1 /* GoalsFlowLayout.swift */; };
		F544B50B22B81FAC00A398B1 /* GoalTypeChoiceView.swift in Sources */ = {isa = PBXBuildFile; fileRef = F544B50A22B81FAC00A398B1 /* GoalTypeChoiceView.swift */; };
		F544B50D22B8291700A398B1 /* triangleView.swift in Sources */ = {isa = PBXBuildFile; fileRef = F544B50C22B8291700A398B1 /* triangleView.swift */; };
		F544B50F22B97BA000A398B1 /* GoalDescriptionView.swift in Sources */ = {isa = PBXBuildFile; fileRef = F544B50E22B97BA000A398B1 /* GoalDescriptionView.swift */; };
		F544B51122B9B51500A398B1 /* GoalWithType.swift in Sources */ = {isa = PBXBuildFile; fileRef = F544B51022B9B51500A398B1 /* GoalWithType.swift */; };
		F544B51322B9C3BE00A398B1 /* GoalHeaderReusableView.swift in Sources */ = {isa = PBXBuildFile; fileRef = F544B51222B9C3BE00A398B1 /* GoalHeaderReusableView.swift */; };
		F544B51722C2F83300A398B1 /* Day.swift in Sources */ = {isa = PBXBuildFile; fileRef = F544B51622C2F83300A398B1 /* Day.swift */; };
		F590D7C52181968B00DDB68E /* GoalsCollectionVC.swift in Sources */ = {isa = PBXBuildFile; fileRef = F590D7C42181968B00DDB68E /* GoalsCollectionVC.swift */; };
		F590D7C72181970800DDB68E /* GoalViewCell.swift in Sources */ = {isa = PBXBuildFile; fileRef = F590D7C62181970800DDB68E /* GoalViewCell.swift */; };
		F590D7CB21838AF400DDB68E /* GoalData.swift in Sources */ = {isa = PBXBuildFile; fileRef = F590D7CA21838AF400DDB68E /* GoalData.swift */; };
		F590D7CF218B6DA600DDB68E /* DatesCollectionVC.swift in Sources */ = {isa = PBXBuildFile; fileRef = F590D7CE218B6DA600DDB68E /* DatesCollectionVC.swift */; };
		F590D7D1218B72E100DDB68E /* dateCell.swift in Sources */ = {isa = PBXBuildFile; fileRef = F590D7D0218B72E100DDB68E /* dateCell.swift */; };
		F5F06EDB2123D84D004BA761 /* GoogleService-Info.plist in Resources */ = {isa = PBXBuildFile; fileRef = F5F06EDA2123D84D004BA761 /* GoogleService-Info.plist */; };
		F5F06EDD2123DBAC004BA761 /* LoginVC.swift in Sources */ = {isa = PBXBuildFile; fileRef = F5F06EDC2123DBAC004BA761 /* LoginVC.swift */; };
		F5F06EDF2123E1EB004BA761 /* EmailSignUpVC.swift in Sources */ = {isa = PBXBuildFile; fileRef = F5F06EDE2123E1EB004BA761 /* EmailSignUpVC.swift */; };
/* End PBXBuildFile section */

/* Begin PBXFileReference section */
		40EF9CF7D4B166B47B540BEA /* Pods-College.release.xcconfig */ = {isa = PBXFileReference; includeInIndex = 1; lastKnownFileType = text.xcconfig; name = "Pods-College.release.xcconfig"; path = "Pods/Target Support Files/Pods-College/Pods-College.release.xcconfig"; sourceTree = "<group>"; };
		4C1456601816E93CF2755F8B /* Pods_College.framework */ = {isa = PBXFileReference; explicitFileType = wrapper.framework; includeInIndex = 0; path = Pods_College.framework; sourceTree = BUILT_PRODUCTS_DIR; };
		95E638A8CAD0CBDD8328EDC1 /* Pods-College.debug.xcconfig */ = {isa = PBXFileReference; includeInIndex = 1; lastKnownFileType = text.xcconfig; name = "Pods-College.debug.xcconfig"; path = "Pods/Target Support Files/Pods-College/Pods-College.debug.xcconfig"; sourceTree = "<group>"; };
		F51D2C871FA6376900CE61B8 /* College.app */ = {isa = PBXFileReference; explicitFileType = wrapper.application; includeInIndex = 0; path = College.app; sourceTree = BUILT_PRODUCTS_DIR; };
		F51D2C8A1FA6376900CE61B8 /* AppDelegate.swift */ = {isa = PBXFileReference; lastKnownFileType = sourcecode.swift; path = AppDelegate.swift; sourceTree = "<group>"; };
		F51D2C911FA6376900CE61B8 /* Assets.xcassets */ = {isa = PBXFileReference; lastKnownFileType = folder.assetcatalog; path = Assets.xcassets; sourceTree = "<group>"; };
		F51D2C941FA6376900CE61B8 /* Base */ = {isa = PBXFileReference; lastKnownFileType = file.storyboard; name = Base; path = Base.lproj/LaunchScreen.storyboard; sourceTree = "<group>"; };
		F51D2C961FA6376900CE61B8 /* Info.plist */ = {isa = PBXFileReference; lastKnownFileType = text.plist.xml; path = Info.plist; sourceTree = "<group>"; };
		F51D2C9E1FA6388800CE61B8 /* RecipeCell.swift */ = {isa = PBXFileReference; fileEncoding = 4; lastKnownFileType = sourcecode.swift; path = RecipeCell.swift; sourceTree = "<group>"; };
		F51D2C9F1FA6388800CE61B8 /* Recipe.swift */ = {isa = PBXFileReference; fileEncoding = 4; lastKnownFileType = sourcecode.swift; path = Recipe.swift; sourceTree = "<group>"; };
		F51D2CA31FA6388800CE61B8 /* AddRecipeVC.swift */ = {isa = PBXFileReference; fileEncoding = 4; lastKnownFileType = sourcecode.swift; path = AddRecipeVC.swift; sourceTree = "<group>"; };
		F51D2CA51FA6388900CE61B8 /* GroceryItem.swift */ = {isa = PBXFileReference; fileEncoding = 4; lastKnownFileType = sourcecode.swift; path = GroceryItem.swift; sourceTree = "<group>"; };
		F51D2CA61FA6388900CE61B8 /* toDoCell.swift */ = {isa = PBXFileReference; fileEncoding = 4; lastKnownFileType = sourcecode.swift; path = toDoCell.swift; sourceTree = "<group>"; };
		F51D2CA81FA6388900CE61B8 /* GroceryListTVC.swift */ = {isa = PBXFileReference; fileEncoding = 4; lastKnownFileType = sourcecode.swift; path = GroceryListTVC.swift; sourceTree = "<group>"; };
		F51D2CAB1FA6388900CE61B8 /* RecipesTVC.swift */ = {isa = PBXFileReference; fileEncoding = 4; lastKnownFileType = sourcecode.swift; path = RecipesTVC.swift; sourceTree = "<group>"; };
		F51D2CAC1FA6388900CE61B8 /* ToDoTVC.swift */ = {isa = PBXFileReference; fileEncoding = 4; lastKnownFileType = sourcecode.swift; path = ToDoTVC.swift; sourceTree = "<group>"; };
		F51D2CAD1FA6388900CE61B8 /* GroceryCell.swift */ = {isa = PBXFileReference; fileEncoding = 4; lastKnownFileType = sourcecode.swift; path = GroceryCell.swift; sourceTree = "<group>"; };
		F51D2CC01FA638B300CE61B8 /* Main.storyboard */ = {isa = PBXFileReference; fileEncoding = 4; lastKnownFileType = file.storyboard; path = Main.storyboard; sourceTree = "<group>"; };
		F544B4D822A9962900A398B1 /* TabBarController.swift */ = {isa = PBXFileReference; lastKnownFileType = sourcecode.swift; path = TabBarController.swift; sourceTree = "<group>"; };
		F544B4DA22A9D09200A398B1 /* CalendarModel.swift */ = {isa = PBXFileReference; lastKnownFileType = sourcecode.swift; path = CalendarModel.swift; sourceTree = "<group>"; };
		F544B4DC22AACBF200A398B1 /* Month.swift */ = {isa = PBXFileReference; lastKnownFileType = sourcecode.swift; path = Month.swift; sourceTree = "<group>"; };
		F544B4DE22AACD8B00A398B1 /* Extensions.swift */ = {isa = PBXFileReference; lastKnownFileType = sourcecode.swift; path = Extensions.swift; sourceTree = "<group>"; };
		F544B4E022AADFB500A398B1 /* MonthHeaderCollectionView.swift */ = {isa = PBXFileReference; lastKnownFileType = sourcecode.swift; path = MonthHeaderCollectionView.swift; sourceTree = "<group>"; };
		F544B4E422B03E2A00A398B1 /* ToDoModel.swift */ = {isa = PBXFileReference; lastKnownFileType = sourcecode.swift; path = ToDoModel.swift; sourceTree = "<group>"; };
		F544B4E622B2025400A398B1 /* GoalsFlowLayout.swift */ = {isa = PBXFileReference; lastKnownFileType = sourcecode.swift; path = GoalsFlowLayout.swift; sourceTree = "<group>"; };
		F544B50A22B81FAC00A398B1 /* GoalTypeChoiceView.swift */ = {isa = PBXFileReference; lastKnownFileType = sourcecode.swift; path = GoalTypeChoiceView.swift; sourceTree = "<group>"; };
		F544B50C22B8291700A398B1 /* triangleView.swift */ = {isa = PBXFileReference; lastKnownFileType = sourcecode.swift; path = triangleView.swift; sourceTree = "<group>"; };
		F544B50E22B97BA000A398B1 /* GoalDescriptionView.swift */ = {isa = PBXFileReference; lastKnownFileType = sourcecode.swift; path = GoalDescriptionView.swift; sourceTree = "<group>"; };
		F544B51022B9B51500A398B1 /* GoalWithType.swift */ = {isa = PBXFileReference; lastKnownFileType = sourcecode.swift; path = GoalWithType.swift; sourceTree = "<group>"; };
		F544B51222B9C3BE00A398B1 /* GoalHeaderReusableView.swift */ = {isa = PBXFileReference; lastKnownFileType = sourcecode.swift; path = GoalHeaderReusableView.swift; sourceTree = "<group>"; };
		F544B51622C2F83300A398B1 /* Day.swift */ = {isa = PBXFileReference; lastKnownFileType = sourcecode.swift; path = Day.swift; sourceTree = "<group>"; };
		F590D7C42181968B00DDB68E /* GoalsCollectionVC.swift */ = {isa = PBXFileReference; lastKnownFileType = sourcecode.swift; path = GoalsCollectionVC.swift; sourceTree = "<group>"; };
		F590D7C62181970800DDB68E /* GoalViewCell.swift */ = {isa = PBXFileReference; lastKnownFileType = sourcecode.swift; path = GoalViewCell.swift; sourceTree = "<group>"; };
		F590D7CA21838AF400DDB68E /* GoalData.swift */ = {isa = PBXFileReference; lastKnownFileType = sourcecode.swift; path = GoalData.swift; sourceTree = "<group>"; };
		F590D7CE218B6DA600DDB68E /* DatesCollectionVC.swift */ = {isa = PBXFileReference; lastKnownFileType = sourcecode.swift; path = DatesCollectionVC.swift; sourceTree = "<group>"; };
		F590D7D0218B72E100DDB68E /* dateCell.swift */ = {isa = PBXFileReference; lastKnownFileType = sourcecode.swift; path = dateCell.swift; sourceTree = "<group>"; };
		F5F06EDA2123D84D004BA761 /* GoogleService-Info.plist */ = {isa = PBXFileReference; fileEncoding = 4; lastKnownFileType = text.plist.xml; path = "GoogleService-Info.plist"; sourceTree = "<group>"; };
		F5F06EDC2123DBAC004BA761 /* LoginVC.swift */ = {isa = PBXFileReference; lastKnownFileType = sourcecode.swift; path = LoginVC.swift; sourceTree = "<group>"; };
		F5F06EDE2123E1EB004BA761 /* EmailSignUpVC.swift */ = {isa = PBXFileReference; lastKnownFileType = sourcecode.swift; path = EmailSignUpVC.swift; sourceTree = "<group>"; };
/* End PBXFileReference section */

/* Begin PBXFrameworksBuildPhase section */
		F51D2C841FA6376900CE61B8 /* Frameworks */ = {
			isa = PBXFrameworksBuildPhase;
			buildActionMask = 2147483647;
			files = (
				D80DFE774C02690056862232 /* Pods_College.framework in Frameworks */,
			);
			runOnlyForDeploymentPostprocessing = 0;
		};
/* End PBXFrameworksBuildPhase section */

/* Begin PBXGroup section */
		AC8E9A42A6450D1CD584B155 /* Pods */ = {
			isa = PBXGroup;
			children = (
				95E638A8CAD0CBDD8328EDC1 /* Pods-College.debug.xcconfig */,
				40EF9CF7D4B166B47B540BEA /* Pods-College.release.xcconfig */,
			);
			name = Pods;
			sourceTree = "<group>";
		};
		C0B2A0927EF6A97B56D639A1 /* Frameworks */ = {
			isa = PBXGroup;
			children = (
				4C1456601816E93CF2755F8B /* Pods_College.framework */,
			);
			name = Frameworks;
			sourceTree = "<group>";
		};
		F51D2C7E1FA6376900CE61B8 = {
			isa = PBXGroup;
			children = (
				F51D2C891FA6376900CE61B8 /* College */,
				F51D2C881FA6376900CE61B8 /* Products */,
				AC8E9A42A6450D1CD584B155 /* Pods */,
				C0B2A0927EF6A97B56D639A1 /* Frameworks */,
			);
			sourceTree = "<group>";
		};
		F51D2C881FA6376900CE61B8 /* Products */ = {
			isa = PBXGroup;
			children = (
				F51D2C871FA6376900CE61B8 /* College.app */,
			);
			name = Products;
			sourceTree = "<group>";
		};
		F51D2C891FA6376900CE61B8 /* College */ = {
			isa = PBXGroup;
			children = (
				F5F06EDA2123D84D004BA761 /* GoogleService-Info.plist */,
				F51D2CC41FA63B8900CE61B8 /* Controller */,
				F51D2CC31FA63B8400CE61B8 /* View */,
				F51D2CC21FA63B7F00CE61B8 /* Model */,
				F51D2C8A1FA6376900CE61B8 /* AppDelegate.swift */,
				F544B4DE22AACD8B00A398B1 /* Extensions.swift */,
				F51D2CC01FA638B300CE61B8 /* Main.storyboard */,
				F51D2C911FA6376900CE61B8 /* Assets.xcassets */,
				F51D2C931FA6376900CE61B8 /* LaunchScreen.storyboard */,
				F51D2C961FA6376900CE61B8 /* Info.plist */,
			);
			path = College;
			sourceTree = "<group>";
		};
		F51D2CC21FA63B7F00CE61B8 /* Model */ = {
			isa = PBXGroup;
			children = (
				F51D2CA51FA6388900CE61B8 /* GroceryItem.swift */,
				F51D2C9F1FA6388800CE61B8 /* Recipe.swift */,
				F590D7CA21838AF400DDB68E /* GoalData.swift */,
				F544B4DA22A9D09200A398B1 /* CalendarModel.swift */,
				F544B4DC22AACBF200A398B1 /* Month.swift */,
				F544B51622C2F83300A398B1 /* Day.swift */,
				F544B4E422B03E2A00A398B1 /* ToDoModel.swift */,
				F544B51022B9B51500A398B1 /* GoalWithType.swift */,
			);
			path = Model;
			sourceTree = "<group>";
		};
		F51D2CC31FA63B8400CE61B8 /* View */ = {
			isa = PBXGroup;
			children = (
				F51D2CAD1FA6388900CE61B8 /* GroceryCell.swift */,
				F51D2CA61FA6388900CE61B8 /* toDoCell.swift */,
				F590D7C62181970800DDB68E /* GoalViewCell.swift */,
				F590D7D0218B72E100DDB68E /* dateCell.swift */,
				F51D2C9E1FA6388800CE61B8 /* RecipeCell.swift */,
				F544B4E022AADFB500A398B1 /* MonthHeaderCollectionView.swift */,
				F544B4E622B2025400A398B1 /* GoalsFlowLayout.swift */,
				F544B50A22B81FAC00A398B1 /* GoalTypeChoiceView.swift */,
				F544B50E22B97BA000A398B1 /* GoalDescriptionView.swift */,
				F544B50C22B8291700A398B1 /* triangleView.swift */,
				F544B51222B9C3BE00A398B1 /* GoalHeaderReusableView.swift */,
			);
			path = View;
			sourceTree = "<group>";
		};
		F51D2CC41FA63B8900CE61B8 /* Controller */ = {
			isa = PBXGroup;
			children = (
				F590D7C42181968B00DDB68E /* GoalsCollectionVC.swift */,
				F590D7CE218B6DA600DDB68E /* DatesCollectionVC.swift */,
				F51D2CA81FA6388900CE61B8 /* GroceryListTVC.swift */,
				F51D2CAB1FA6388900CE61B8 /* RecipesTVC.swift */,
				F51D2CAC1FA6388900CE61B8 /* ToDoTVC.swift */,
				F51D2CA31FA6388800CE61B8 /* AddRecipeVC.swift */,
				F5F06EDC2123DBAC004BA761 /* LoginVC.swift */,
				F5F06EDE2123E1EB004BA761 /* EmailSignUpVC.swift */,
				F544B4D822A9962900A398B1 /* TabBarController.swift */,
			);
			path = Controller;
			sourceTree = "<group>";
		};
/* End PBXGroup section */

/* Begin PBXNativeTarget section */
		F51D2C861FA6376900CE61B8 /* College */ = {
			isa = PBXNativeTarget;
			buildConfigurationList = F51D2C991FA6376900CE61B8 /* Build configuration list for PBXNativeTarget "College" */;
			buildPhases = (
				C56199F6ED5E6FB4102C98BC /* [CP] Check Pods Manifest.lock */,
				F51D2C831FA6376900CE61B8 /* Sources */,
				F51D2C841FA6376900CE61B8 /* Frameworks */,
				F51D2C851FA6376900CE61B8 /* Resources */,
				70A5837B139CA278A4D38CDA /* [CP] Embed Pods Frameworks */,
			);
			buildRules = (
			);
			dependencies = (
			);
			name = College;
			productName = College;
			productReference = F51D2C871FA6376900CE61B8 /* College.app */;
			productType = "com.apple.product-type.application";
		};
/* End PBXNativeTarget section */

/* Begin PBXProject section */
		F51D2C7F1FA6376900CE61B8 /* Project object */ = {
			isa = PBXProject;
			attributes = {
				LastSwiftUpdateCheck = 0900;
				LastUpgradeCheck = 1020;
				ORGANIZATIONNAME = "Trent Callan";
				TargetAttributes = {
					F51D2C861FA6376900CE61B8 = {
						CreatedOnToolsVersion = 9.0;
						LastSwiftMigration = 1020;
						ProvisioningStyle = Automatic;
					};
				};
			};
			buildConfigurationList = F51D2C821FA6376900CE61B8 /* Build configuration list for PBXProject "College" */;
			compatibilityVersion = "Xcode 8.0";
			developmentRegion = en;
			hasScannedForEncodings = 0;
			knownRegions = (
				en,
				Base,
			);
			mainGroup = F51D2C7E1FA6376900CE61B8;
			productRefGroup = F51D2C881FA6376900CE61B8 /* Products */;
			projectDirPath = "";
			projectRoot = "";
			targets = (
				F51D2C861FA6376900CE61B8 /* College */,
			);
		};
/* End PBXProject section */

/* Begin PBXResourcesBuildPhase section */
		F51D2C851FA6376900CE61B8 /* Resources */ = {
			isa = PBXResourcesBuildPhase;
			buildActionMask = 2147483647;
			files = (
				F51D2C951FA6376900CE61B8 /* LaunchScreen.storyboard in Resources */,
				F5F06EDB2123D84D004BA761 /* GoogleService-Info.plist in Resources */,
				F51D2C921FA6376900CE61B8 /* Assets.xcassets in Resources */,
				F51D2CC11FA638B300CE61B8 /* Main.storyboard in Resources */,
			);
			runOnlyForDeploymentPostprocessing = 0;
		};
/* End PBXResourcesBuildPhase section */

/* Begin PBXShellScriptBuildPhase section */
		70A5837B139CA278A4D38CDA /* [CP] Embed Pods Frameworks */ = {
			isa = PBXShellScriptBuildPhase;
			buildActionMask = 2147483647;
			files = (
			);
			inputPaths = (
				"${PODS_ROOT}/Target Support Files/Pods-College/Pods-College-frameworks.sh",
				"${BUILT_PRODUCTS_DIR}/Charts/Charts.framework",
				"${BUILT_PRODUCTS_DIR}/GTMSessionFetcher/GTMSessionFetcher.framework",
				"${BUILT_PRODUCTS_DIR}/GoogleUtilities/GoogleUtilities.framework",
				"${BUILT_PRODUCTS_DIR}/leveldb-library/leveldb.framework",
				"${BUILT_PRODUCTS_DIR}/nanopb/nanopb.framework",
			);
			name = "[CP] Embed Pods Frameworks";
			outputPaths = (
				"${TARGET_BUILD_DIR}/${FRAMEWORKS_FOLDER_PATH}/Charts.framework",
				"${TARGET_BUILD_DIR}/${FRAMEWORKS_FOLDER_PATH}/GTMSessionFetcher.framework",
				"${TARGET_BUILD_DIR}/${FRAMEWORKS_FOLDER_PATH}/GoogleUtilities.framework",
				"${TARGET_BUILD_DIR}/${FRAMEWORKS_FOLDER_PATH}/leveldb.framework",
				"${TARGET_BUILD_DIR}/${FRAMEWORKS_FOLDER_PATH}/nanopb.framework",
			);
			runOnlyForDeploymentPostprocessing = 0;
			shellPath = /bin/sh;
			shellScript = "\"${PODS_ROOT}/Target Support Files/Pods-College/Pods-College-frameworks.sh\"\n";
			showEnvVarsInLog = 0;
		};
		C56199F6ED5E6FB4102C98BC /* [CP] Check Pods Manifest.lock */ = {
			isa = PBXShellScriptBuildPhase;
			buildActionMask = 2147483647;
			files = (
			);
			inputPaths = (
				"${PODS_PODFILE_DIR_PATH}/Podfile.lock",
				"${PODS_ROOT}/Manifest.lock",
			);
			name = "[CP] Check Pods Manifest.lock";
			outputPaths = (
				"$(DERIVED_FILE_DIR)/Pods-College-checkManifestLockResult.txt",
			);
			runOnlyForDeploymentPostprocessing = 0;
			shellPath = /bin/sh;
			shellScript = "diff \"${PODS_PODFILE_DIR_PATH}/Podfile.lock\" \"${PODS_ROOT}/Manifest.lock\" > /dev/null\nif [ $? != 0 ] ; then\n    # print error to STDERR\n    echo \"error: The sandbox is not in sync with the Podfile.lock. Run 'pod install' or update your CocoaPods installation.\" >&2\n    exit 1\nfi\n# This output is used by Xcode 'outputs' to avoid re-running this script phase.\necho \"SUCCESS\" > \"${SCRIPT_OUTPUT_FILE_0}\"\n";
			showEnvVarsInLog = 0;
		};
/* End PBXShellScriptBuildPhase section */

/* Begin PBXSourcesBuildPhase section */
		F51D2C831FA6376900CE61B8 /* Sources */ = {
			isa = PBXSourcesBuildPhase;
			buildActionMask = 2147483647;
			files = (
				F544B51322B9C3BE00A398B1 /* GoalHeaderReusableView.swift in Sources */,
				F51D2CBE1FA6388900CE61B8 /* ToDoTVC.swift in Sources */,
				F544B4E522B03E2A00A398B1 /* ToDoModel.swift in Sources */,
				F544B50D22B8291700A398B1 /* triangleView.swift in Sources */,
				F51D2CB01FA6388900CE61B8 /* RecipeCell.swift in Sources */,
				F544B50B22B81FAC00A398B1 /* GoalTypeChoiceView.swift in Sources */,
				F5F06EDD2123DBAC004BA761 /* LoginVC.swift in Sources */,
				F544B4D922A9962900A398B1 /* TabBarController.swift in Sources */,
				F544B51722C2F83300A398B1 /* Day.swift in Sources */,
				F51D2CBF1FA6388900CE61B8 /* GroceryCell.swift in Sources */,
				F51D2CBA1FA6388900CE61B8 /* GroceryListTVC.swift in Sources */,
				F51D2CB81FA6388900CE61B8 /* toDoCell.swift in Sources */,
				F51D2CB11FA6388900CE61B8 /* Recipe.swift in Sources */,
				F544B4DD22AACBF200A398B1 /* Month.swift in Sources */,
				F544B4DB22A9D09200A398B1 /* CalendarModel.swift in Sources */,
				F51D2C8B1FA6376900CE61B8 /* AppDelegate.swift in Sources */,
				F590D7CF218B6DA600DDB68E /* DatesCollectionVC.swift in Sources */,
				F590D7C52181968B00DDB68E /* GoalsCollectionVC.swift in Sources */,
				F590D7C72181970800DDB68E /* GoalViewCell.swift in Sources */,
				F590D7D1218B72E100DDB68E /* dateCell.swift in Sources */,
				F51D2CB51FA6388900CE61B8 /* AddRecipeVC.swift in Sources */,
				F590D7CB21838AF400DDB68E /* GoalData.swift in Sources */,
				F5F06EDF2123E1EB004BA761 /* EmailSignUpVC.swift in Sources */,
				F51D2CB71FA6388900CE61B8 /* GroceryItem.swift in Sources */,
				F544B51122B9B51500A398B1 /* GoalWithType.swift in Sources */,
				F544B4E722B2025400A398B1 /* GoalsFlowLayout.swift in Sources */,
				F544B4E122AADFB500A398B1 /* MonthHeaderCollectionView.swift in Sources */,
				F544B50F22B97BA000A398B1 /* GoalDescriptionView.swift in Sources */,
				F544B4DF22AACD8B00A398B1 /* Extensions.swift in Sources */,
				F51D2CBD1FA6388900CE61B8 /* RecipesTVC.swift in Sources */,
			);
			runOnlyForDeploymentPostprocessing = 0;
		};
/* End PBXSourcesBuildPhase section */

/* Begin PBXVariantGroup section */
		F51D2C931FA6376900CE61B8 /* LaunchScreen.storyboard */ = {
			isa = PBXVariantGroup;
			children = (
				F51D2C941FA6376900CE61B8 /* Base */,
			);
			name = LaunchScreen.storyboard;
			sourceTree = "<group>";
		};
/* End PBXVariantGroup section */

/* Begin XCBuildConfiguration section */
		F51D2C971FA6376900CE61B8 /* Debug */ = {
			isa = XCBuildConfiguration;
			buildSettings = {
				ALWAYS_SEARCH_USER_PATHS = NO;
				CLANG_ANALYZER_NONNULL = YES;
				CLANG_ANALYZER_NUMBER_OBJECT_CONVERSION = YES_AGGRESSIVE;
				CLANG_CXX_LANGUAGE_STANDARD = "gnu++14";
				CLANG_CXX_LIBRARY = "libc++";
				CLANG_ENABLE_MODULES = YES;
				CLANG_ENABLE_OBJC_ARC = YES;
				CLANG_WARN_BLOCK_CAPTURE_AUTORELEASING = YES;
				CLANG_WARN_BOOL_CONVERSION = YES;
				CLANG_WARN_COMMA = YES;
				CLANG_WARN_CONSTANT_CONVERSION = YES;
				CLANG_WARN_DEPRECATED_OBJC_IMPLEMENTATIONS = YES;
				CLANG_WARN_DIRECT_OBJC_ISA_USAGE = YES_ERROR;
				CLANG_WARN_DOCUMENTATION_COMMENTS = YES;
				CLANG_WARN_EMPTY_BODY = YES;
				CLANG_WARN_ENUM_CONVERSION = YES;
				CLANG_WARN_INFINITE_RECURSION = YES;
				CLANG_WARN_INT_CONVERSION = YES;
				CLANG_WARN_NON_LITERAL_NULL_CONVERSION = YES;
				CLANG_WARN_OBJC_IMPLICIT_RETAIN_SELF = YES;
				CLANG_WARN_OBJC_LITERAL_CONVERSION = YES;
				CLANG_WARN_OBJC_ROOT_CLASS = YES_ERROR;
				CLANG_WARN_RANGE_LOOP_ANALYSIS = YES;
				CLANG_WARN_STRICT_PROTOTYPES = YES;
				CLANG_WARN_SUSPICIOUS_MOVE = YES;
				CLANG_WARN_UNGUARDED_AVAILABILITY = YES_AGGRESSIVE;
				CLANG_WARN_UNREACHABLE_CODE = YES;
				CLANG_WARN__DUPLICATE_METHOD_MATCH = YES;
				CODE_SIGN_IDENTITY = "iPhone Developer";
				COPY_PHASE_STRIP = NO;
				DEBUG_INFORMATION_FORMAT = dwarf;
				ENABLE_STRICT_OBJC_MSGSEND = YES;
				ENABLE_TESTABILITY = YES;
				GCC_C_LANGUAGE_STANDARD = gnu11;
				GCC_DYNAMIC_NO_PIC = NO;
				GCC_NO_COMMON_BLOCKS = YES;
				GCC_OPTIMIZATION_LEVEL = 0;
				GCC_PREPROCESSOR_DEFINITIONS = (
					"DEBUG=1",
					"$(inherited)",
				);
				GCC_WARN_64_TO_32_BIT_CONVERSION = YES;
				GCC_WARN_ABOUT_RETURN_TYPE = YES_ERROR;
				GCC_WARN_UNDECLARED_SELECTOR = YES;
				GCC_WARN_UNINITIALIZED_AUTOS = YES_AGGRESSIVE;
				GCC_WARN_UNUSED_FUNCTION = YES;
				GCC_WARN_UNUSED_VARIABLE = YES;
				IPHONEOS_DEPLOYMENT_TARGET = 11.0;
				MTL_ENABLE_DEBUG_INFO = YES;
				ONLY_ACTIVE_ARCH = YES;
				SDKROOT = iphoneos;
				SWIFT_ACTIVE_COMPILATION_CONDITIONS = DEBUG;
				SWIFT_OPTIMIZATION_LEVEL = "-Onone";
			};
			name = Debug;
		};
		F51D2C981FA6376900CE61B8 /* Release */ = {
			isa = XCBuildConfiguration;
			buildSettings = {
				ALWAYS_SEARCH_USER_PATHS = NO;
				CLANG_ANALYZER_NONNULL = YES;
				CLANG_ANALYZER_NUMBER_OBJECT_CONVERSION = YES_AGGRESSIVE;
				CLANG_CXX_LANGUAGE_STANDARD = "gnu++14";
				CLANG_CXX_LIBRARY = "libc++";
				CLANG_ENABLE_MODULES = YES;
				CLANG_ENABLE_OBJC_ARC = YES;
				CLANG_WARN_BLOCK_CAPTURE_AUTORELEASING = YES;
				CLANG_WARN_BOOL_CONVERSION = YES;
				CLANG_WARN_COMMA = YES;
				CLANG_WARN_CONSTANT_CONVERSION = YES;
				CLANG_WARN_DEPRECATED_OBJC_IMPLEMENTATIONS = YES;
				CLANG_WARN_DIRECT_OBJC_ISA_USAGE = YES_ERROR;
				CLANG_WARN_DOCUMENTATION_COMMENTS = YES;
				CLANG_WARN_EMPTY_BODY = YES;
				CLANG_WARN_ENUM_CONVERSION = YES;
				CLANG_WARN_INFINITE_RECURSION = YES;
				CLANG_WARN_INT_CONVERSION = YES;
				CLANG_WARN_NON_LITERAL_NULL_CONVERSION = YES;
				CLANG_WARN_OBJC_IMPLICIT_RETAIN_SELF = YES;
				CLANG_WARN_OBJC_LITERAL_CONVERSION = YES;
				CLANG_WARN_OBJC_ROOT_CLASS = YES_ERROR;
				CLANG_WARN_RANGE_LOOP_ANALYSIS = YES;
				CLANG_WARN_STRICT_PROTOTYPES = YES;
				CLANG_WARN_SUSPICIOUS_MOVE = YES;
				CLANG_WARN_UNGUARDED_AVAILABILITY = YES_AGGRESSIVE;
				CLANG_WARN_UNREACHABLE_CODE = YES;
				CLANG_WARN__DUPLICATE_METHOD_MATCH = YES;
				CODE_SIGN_IDENTITY = "iPhone Developer";
				COPY_PHASE_STRIP = NO;
				DEBUG_INFORMATION_FORMAT = "dwarf-with-dsym";
				ENABLE_NS_ASSERTIONS = NO;
				ENABLE_STRICT_OBJC_MSGSEND = YES;
				GCC_C_LANGUAGE_STANDARD = gnu11;
				GCC_NO_COMMON_BLOCKS = YES;
				GCC_WARN_64_TO_32_BIT_CONVERSION = YES;
				GCC_WARN_ABOUT_RETURN_TYPE = YES_ERROR;
				GCC_WARN_UNDECLARED_SELECTOR = YES;
				GCC_WARN_UNINITIALIZED_AUTOS = YES_AGGRESSIVE;
				GCC_WARN_UNUSED_FUNCTION = YES;
				GCC_WARN_UNUSED_VARIABLE = YES;
				IPHONEOS_DEPLOYMENT_TARGET = 11.0;
				MTL_ENABLE_DEBUG_INFO = NO;
				SDKROOT = iphoneos;
				SWIFT_OPTIMIZATION_LEVEL = "-Owholemodule";
				VALIDATE_PRODUCT = YES;
			};
			name = Release;
		};
		F51D2C9A1FA6376900CE61B8 /* Debug */ = {
			isa = XCBuildConfiguration;
			baseConfigurationReference = 95E638A8CAD0CBDD8328EDC1 /* Pods-College.debug.xcconfig */;
			buildSettings = {
				ASSETCATALOG_COMPILER_APPICON_NAME = AppIcon;
				CODE_SIGN_STYLE = Automatic;
				DEVELOPMENT_TEAM = 447KRH5L94;
				INFOPLIST_FILE = College/Info.plist;
				LD_RUNPATH_SEARCH_PATHS = "$(inherited) @executable_path/Frameworks";
				PRODUCT_BUNDLE_IDENTIFIER = TC.College;
				PRODUCT_NAME = "$(TARGET_NAME)";
				SWIFT_VERSION = 5.0;
				TARGETED_DEVICE_FAMILY = "1,2";
			};
			name = Debug;
		};
		F51D2C9B1FA6376900CE61B8 /* Release */ = {
			isa = XCBuildConfiguration;
			baseConfigurationReference = 40EF9CF7D4B166B47B540BEA /* Pods-College.release.xcconfig */;
			buildSettings = {
				ASSETCATALOG_COMPILER_APPICON_NAME = AppIcon;
				CODE_SIGN_STYLE = Automatic;
				DEVELOPMENT_TEAM = 447KRH5L94;
				INFOPLIST_FILE = College/Info.plist;
				LD_RUNPATH_SEARCH_PATHS = "$(inherited) @executable_path/Frameworks";
				PRODUCT_BUNDLE_IDENTIFIER = TC.College;
				PRODUCT_NAME = "$(TARGET_NAME)";
				SWIFT_VERSION = 5.0;
				TARGETED_DEVICE_FAMILY = "1,2";
			};
			name = Release;
		};
/* End XCBuildConfiguration section */

/* Begin XCConfigurationList section */
		F51D2C821FA6376900CE61B8 /* Build configuration list for PBXProject "College" */ = {
			isa = XCConfigurationList;
			buildConfigurations = (
				F51D2C971FA6376900CE61B8 /* Debug */,
				F51D2C981FA6376900CE61B8 /* Release */,
			);
			defaultConfigurationIsVisible = 0;
			defaultConfigurationName = Release;
		};
		F51D2C991FA6376900CE61B8 /* Build configuration list for PBXNativeTarget "College" */ = {
			isa = XCConfigurationList;
			buildConfigurations = (
				F51D2C9A1FA6376900CE61B8 /* Debug */,
				F51D2C9B1FA6376900CE61B8 /* Release */,
			);
			defaultConfigurationIsVisible = 0;
			defaultConfigurationName = Release;
		};
/* End XCConfigurationList section */
	};
	rootObject = F51D2C7F1FA6376900CE61B8 /* Project object */;
}
